
Microsoft Visual Studio Solution File, Format Version 12.00
# Visual Studio Version 17
VisualStudioVersion = 17.2.32616.157
MinimumVisualStudioVersion = 10.0.40219.1
Project("{FAE04EC0-301F-11D3-BF4B-00C04F79EFBC}") = "Classes", "Classes\Classes.csproj", "{828A73AE-3B7B-4B7A-A9DE-D831F382E247}"
EndProject
Global
	GlobalSection(SolutionConfigurationPlatforms) = preSolution
		Debug|Any CPU = Debug|Any CPU
		Release|Any CPU = Release|Any CPU
	EndGlobalSection
	GlobalSection(ProjectConfigurationPlatforms) = postSolution
		{828A73AE-3B7B-4B7A-A9DE-D831F382E247}.Debug|Any CPU.ActiveCfg = Debug|Any CPU
		{828A73AE-3B7B-4B7A-A9DE-D831F382E247}.Debug|Any CPU.Build.0 = Debug|Any CPU
		{828A73AE-3B7B-4B7A-A9DE-D831F382E247}.Release|Any CPU.ActiveCfg = Release|Any CPU
		{828A73AE-3B7B-4B7A-A9DE-D831F382E247}.Release|Any CPU.Build.0 = Release|Any CPU
	EndGlobalSection
	GlobalSection(SolutionProperties) = preSolution
		HideSolutionNode = FALSE
	EndGlobalSection
	GlobalSection(ExtensibilityGlobals) = postSolution
		SolutionGuid = {FF193676-6DA0-4685-A294-788589F3ACB6}
	EndGlobalSection
EndGlobal
